// !$*UTF8*$!
{
	archiveVersion = 1;
	classes = {
	};
	objectVersion = 56;
	objects = {

/* Begin PBXBuildFile section */
		04BE543E2FC0B435008459B9 /* AppDelegate.swift in Sources */ = {isa = PBXBuildFile; fileRef = 04BE543D2FC0B435008459B9 /* AppDelegate.swift */; };
		04BE54402FC0B435008459B9 /* SceneDelegate.swift in Sources */ = {isa = PBXBuildFile; fileRef = 04BE543F2FC0B435008459B9 /* SceneDelegate.swift */; };
		04BE54422FC0B435008459B9 /* ViewController.swift in Sources */ = {isa = PBXBuildFile; fileRef = 04BE54412FC0B435008459B9 /* ViewController.swift */; };
		04BE54452FC0B435008459B9 /* Main.storyboard in Resources */ = {isa = PBXBuildFile; fileRef = 04BE54432FC0B435008459B9 /* Main.storyboard */; };
		04BE54472FC0B437008459B9 /* Assets.xcassets in Resources */ = {isa = PBXBuildFile; fileRef = 04BE54462FC0B437008459B9 /* Assets.xcassets */; };
		04BE544A2FC0B437008459B9 /* LaunchScreen.storyboard in Resources */ = {isa = PBXBuildFile; fileRef = 04BE54482FC0B437008459B9 /* LaunchScreen.storyboard */; };
		04BE54552FC0B437008459B9 /* iosAppTests.swift in Sources */ = {isa = PBXBuildFile; fileRef = 04BE54542FC0B437008459B9 /* iosAppTests.swift */; };
		04BE545F2FC0B437008459B9 /* iosAppUITests.swift in Sources */ = {isa = PBXBuildFile; fileRef = 04BE545E2FC0B437008459B9 /* iosAppUITests.swift */; };
		04BE54612FC0B437008459B9 /* iosAppUITestsLaunchTests.swift in Sources */ = {isa = PBXBuildFile; fileRef = 04BE54602FC0B437008459B9 /* iosAppUITestsLaunchTests.swift */; };
/* End PBXBuildFile section */

/* Begin PBXContainerItemProxy section */
		04BE54512FC0B437008459B9 /* PBXContainerItemProxy */ = {
			isa = PBXContainerItemProxy;
			containerPortal = 04BE54322FC0B434008459B9 /* Project object */;
			proxyType = 1;
			remoteGlobalIDString = 04BE54392FC0B435008459B9;
			remoteInfo = iosApp;
		};
		04BE545B2FC0B437008459B9 /* PBXContainerItemProxy */ = {
			isa = PBXContainerItemProxy;
			containerPortal = 04BE54322FC0B434008459B9 /* Project object */;
			proxyType = 1;
			remoteGlobalIDString = 04BE54392FC0B435008459B9;
			remoteInfo = iosApp;
		};
/* End PBXContainerItemProxy section */

/* Begin PBXFileReference section */
		04BE543A2FC0B435008459B9 /* iosApp.app */ = {isa = PBXFileReference; explicitFileType = wrapper.application; includeInIndex = 0; path = iosApp.app; sourceTree = BUILT_PRODUCTS_DIR; };
		04BE543D2FC0B435008459B9 /* AppDelegate.swift */ = {isa = PBXFileReference; lastKnownFileType = sourcecode.swift; path = AppDelegate.swift; sourceTree = "<group>"; };
		04BE543F2FC0B435008459B9 /* SceneDelegate.swift */ = {isa = PBXFileReference; lastKnownFileType = sourcecode.swift; path = SceneDelegate.swift; sourceTree = "<group>"; };
		04BE54412FC0B435008459B9 /* ViewController.swift */ = {isa = PBXFileReference; lastKnownFileType = sourcecode.swift; path = ViewController.swift; sourceTree = "<group>"; };
		04BE54442FC0B435008459B9 /* Base */ = {isa = PBXFileReference; lastKnownFileType = file.storyboard; name = Base; path = Base.lproj/Main.storyboard; sourceTree = "<group>"; };
		04BE54462FC0B437008459B9 /* Assets.xcassets */ = {isa = PBXFileReference; lastKnownFileType = folder.assetcatalog; path = Assets.xcassets; sourceTree = "<group>"; };
		04BE54492FC0B437008459B9 /* Base */ = {isa = PBXFileReference; lastKnownFileType = file.storyboard; name = Base; path = Base.lproj/LaunchScreen.storyboard; sourceTree = "<group>"; };
		04BE544B2FC0B437008459B9 /* Info.plist */ = {isa = PBXFileReference; lastKnownFileType = text.plist.xml; path = Info.plist; sourceTree = "<group>"; };
		04BE54502FC0B437008459B9 /* iosAppTests.xctest */ = {isa = PBXFileReference; explicitFileType = wrapper.cfbundle; includeInIndex = 0; path = iosAppTests.xctest; sourceTree = BUILT_PRODUCTS_DIR; };
		04BE54542FC0B437008459B9 /* iosAppTests.swift */ = {isa = PBXFileReference; lastKnownFileType = sourcecode.swift; path = iosAppTests.swift; sourceTree = "<group>"; };
		04BE545A2FC0B437008459B9 /* iosAppUITests.xctest */ = {isa = PBXFileReference; explicitFileType = wrapper.cfbundle; includeInIndex = 0; path = iosAppUITests.xctest; sourceTree = BUILT_PRODUCTS_DIR; };
		04BE545E2FC0B437008459B9 /* iosAppUITests.swift */ = {isa = PBXFileReference; lastKnownFileType = sourcecode.swift; path = iosAppUITests.swift; sourceTree = "<group>"; };
		04BE54602FC0B437008459B9 /* iosAppUITestsLaunchTests.swift */ = {isa = PBXFileReference; lastKnownFileType = sourcecode.swift; path = iosAppUITestsLaunchTests.swift; sourceTree = "<group>"; };
/* End PBXFileReference section */

/* Begin PBXFrameworksBuildPhase section */
		04BE54372FC0B435008459B9 /* Frameworks */ = {
			isa = PBXFrameworksBuildPhase;
			buildActionMask = 2147483647;
			files = (
			);
			runOnlyForDeploymentPostprocessing = 0;
		};
		04BE544D2FC0B437008459B9 /* Frameworks */ = {
			isa = PBXFrameworksBuildPhase;
			buildActionMask = 2147483647;
			files = (
			);
			runOnlyForDeploymentPostprocessing = 0;
		};
		04BE54572FC0B437008459B9 /* Frameworks */ = {
			isa = PBXFrameworksBuildPhase;
			buildActionMask = 2147483647;
			files = (
			);
			runOnlyForDeploymentPostprocessing = 0;
		};
/* End PBXFrameworksBuildPhase section */

/* Begin PBXGroup section */
		04BE54312FC0B434008459B9 = {
			isa = PBXGroup;
			children = (
				04BE543C2FC0B435008459B9 /* iosApp */,
				04BE54532FC0B437008459B9 /* iosAppTests */,
				04BE545D2FC0B437008459B9 /* iosAppUITests */,
				04BE543B2FC0B435008459B9 /* Products */,
			);
			sourceTree = "<group>";
		};
		04BE543B2FC0B435008459B9 /* Products */ = {
			isa = PBXGroup;
			children = (
				04BE543A2FC0B435008459B9 /* iosApp.app */,
				04BE54502FC0B437008459B9 /* iosAppTests.xctest */,
				04BE545A2FC0B437008459B9 /* iosAppUITests.xctest */,
			);
			name = Products;
			sourceTree = "<group>";
		};
		04BE543C2FC0B435008459B9 /* iosApp */ = {
			isa = PBXGroup;
			children = (
				04BE543D2FC0B435008459B9 /* AppDelegate.swift */,
				04BE543F2FC0B435008459B9 /* SceneDelegate.swift */,
				04BE54412FC0B435008459B9 /* ViewController.swift */,
				04BE54432FC0B435008459B9 /* Main.storyboard */,
				04BE54462FC0B437008459B9 /* Assets.xcassets */,
				04BE54482FC0B437008459B9 /* LaunchScreen.storyboard */,
				04BE544B2FC0B437008459B9 /* Info.plist */,
			);
			path = iosApp;
			sourceTree = "<group>";
		};
		04BE54532FC0B437008459B9 /* iosAppTests */ = {
			isa = PBXGroup;
			children = (
				04BE54542FC0B437008459B9 /* iosAppTests.swift */,
			);
			path = iosAppTests;
			sourceTree = "<group>";
		};
		04BE545D2FC0B437008459B9 /* iosAppUITests */ = {
			isa = PBXGroup;
			children = (
				04BE545E2FC0B437008459B9 /* iosAppUITests.swift */,
				04BE54602FC0B437008459B9 /* iosAppUITestsLaunchTests.swift */,
			);
			path = iosAppUITests;
			sourceTree = "<group>";
		};
/* End PBXGroup section */

/* Begin PBXNativeTarget section */
		04BE54392FC0B435008459B9 /* iosApp */ = {
			isa = PBXNativeTarget;
			buildConfigurationList = 04BE54642FC0B437008459B9 /* Build configuration list for PBXNativeTarget "iosApp" */;
			buildPhases = (
				04BE546D2FC0B557008459B9 /* ShellScript */,
				04BE54362FC0B435008459B9 /* Sources */,
				04BE54372FC0B435008459B9 /* Frameworks */,
				04BE54382FC0B435008459B9 /* Resources */,
			);
			buildRules = (
			);
			dependencies = (
			);
			name = iosApp;
			productName = iosApp;
			productReference = 04BE543A2FC0B435008459B9 /* iosApp.app */;
			productType = "com.apple.product-type.application";
		};
		04BE544F2FC0B437008459B9 /* iosAppTests */ = {
			isa = PBXNativeTarget;
			buildConfigurationList = 04BE54672FC0B437008459B9 /* Build configuration list for PBXNativeTarget "iosAppTests" */;
			buildPhases = (
				04BE544C2FC0B437008459B9 /* Sources */,
				04BE544D2FC0B437008459B9 /* Frameworks */,
				04BE544E2FC0B437008459B9 /* Resources */,
			);
			buildRules = (
			);
			dependencies = (
				04BE54522FC0B437008459B9 /* PBXTargetDependency */,
			);
			name = iosAppTests;
			productName = iosAppTests;
			productReference = 04BE54502FC0B437008459B9 /* iosAppTests.xctest */;
			productType = "com.apple.product-type.bundle.unit-test";
		};
		04BE54592FC0B437008459B9 /* iosAppUITests */ = {
			isa = PBXNativeTarget;
			buildConfigurationList = 04BE546A2FC0B437008459B9 /* Build configuration list for PBXNativeTarget "iosAppUITests" */;
			buildPhases = (
				04BE54562FC0B437008459B9 /* Sources */,
				04BE54572FC0B437008459B9 /* Frameworks */,
				04BE54582FC0B437008459B9 /* Resources */,
			);
			buildRules = (
			);
			dependencies = (
				04BE545C2FC0B437008459B9 /* PBXTargetDependency */,
			);
			name = iosAppUITests;
			productName = iosAppUITests;
			productReference = 04BE545A2FC0B437008459B9 /* iosAppUITests.xctest */;
			productType = "com.apple.product-type.bundle.ui-testing";
		};
/* End PBXNativeTarget section */

/* Begin PBXProject section */
		04BE54322FC0B434008459B9 /* Project object */ = {
			isa = PBXProject;
			attributes = {
				BuildIndependentTargetsInParallel = 1;
				LastSwiftUpdateCheck = 1420;
				LastUpgradeCheck = 1420;
				TargetAttributes = {
					04BE54392FC0B435008459B9 = {
						CreatedOnToolsVersion = 14.2;
					};
					04BE544F2FC0B437008459B9 = {
						CreatedOnToolsVersion = 14.2;
						TestTargetID = 04BE54392FC0B435008459B9;
					};
					04BE54592FC0B437008459B9 = {
						CreatedOnToolsVersion = 14.2;
						TestTargetID = 04BE54392FC0B435008459B9;
					};
				};
			};
			buildConfigurationList = 04BE54352FC0B434008459B9 /* Build configuration list for PBXProject "iosApp" */;
			compatibilityVersion = "Xcode 14.0";
			developmentRegion = en;
			hasScannedForEncodings = 0;
			knownRegions = (
				en,
				Base,
			);
			mainGroup = 04BE54312FC0B434008459B9;
			productRefGroup = 04BE543B2FC0B435008459B9 /* Products */;
			projectDirPath = "";
			projectRoot = "";
			targets = (
				04BE54392FC0B435008459B9 /* iosApp */,
				04BE544F2FC0B437008459B9 /* iosAppTests */,
				04BE54592FC0B437008459B9 /* iosAppUITests */,
			);
		};
/* End PBXProject section */

/* Begin PBXResourcesBuildPhase section */
		04BE54382FC0B435008459B9 /* Resources */ = {
			isa = PBXResourcesBuildPhase;
			buildActionMask = 2147483647;
			files = (
				04BE544A2FC0B437008459B9 /* LaunchScreen.storyboard in Resources */,
				04BE54472FC0B437008459B9 /* Assets.xcassets in Resources */,
				04BE54452FC0B435008459B9 /* Main.storyboard in Resources */,
			);
			runOnlyForDeploymentPostprocessing = 0;
		};
		04BE544E2FC0B437008459B9 /* Resources */ = {
			isa = PBXResourcesBuildPhase;
			buildActionMask = 2147483647;
			files = (
			);
			runOnlyForDeploymentPostprocessing = 0;
		};
		04BE54582FC0B437008459B9 /* Resources */ = {
			isa = PBXResourcesBuildPhase;
			buildActionMask = 2147483647;
			files = (
			);
			runOnlyForDeploymentPostprocessing = 0;
		};
/* End PBXResourcesBuildPhase section */

/* Begin PBXShellScriptBuildPhase section */
		04BE546D2FC0B557008459B9 /* ShellScript */ = {
			isa = PBXShellScriptBuildPhase;
			alwaysOutOfDate = 1;
			buildActionMask = 2147483647;
			files = (
			);
			inputFileListPaths = (
			);
			inputPaths = (
			);
			outputFileListPaths = (
			);
			outputPaths = (
			);
			runOnlyForDeploymentPostprocessing = 0;
			shellPath = /bin/sh;
			shellScript = "cd \"$SRCROOT/..\"\nexport ENABLE_USER_SCRIPT_SANDBOXING=NO\n\necho \"Building Single Dynamic Framework (Habit + Static Opt)...\"\n./gradlew :Habit:embedAndSignAppleFrameworkForXcode\n";
		};
/* End PBXShellScriptBuildPhase section */

/* Begin PBXSourcesBuildPhase section */
		04BE54362FC0B435008459B9 /* Sources */ = {
			isa = PBXSourcesBuildPhase;
			buildActionMask = 2147483647;
			files = (
				04BE54422FC0B435008459B9 /* ViewController.swift in Sources */,
				04BE543E2FC0B435008459B9 /* AppDelegate.swift in Sources */,
				04BE54402FC0B435008459B9 /* SceneDelegate.swift in Sources */,
			);
			runOnlyForDeploymentPostprocessing = 0;
		};
		04BE544C2FC0B437008459B9 /* Sources */ = {
			isa = PBXSourcesBuildPhase;
			buildActionMask = 2147483647;
			files = (
				04BE54552FC0B437008459B9 /* iosAppTests.swift in Sources */,
			);
			runOnlyForDeploymentPostprocessing = 0;
		};
		04BE54562FC0B437008459B9 /* Sources */ = {
			isa = PBXSourcesBuildPhase;
			buildActionMask = 2147483647;
			files = (
				04BE54612FC0B437008459B9 /* iosAppUITestsLaunchTests.swift in Sources */,
				04BE545F2FC0B437008459B9 /* iosAppUITests.swift in Sources */,
			);
			runOnlyForDeploymentPostprocessing = 0;
		};
/* End PBXSourcesBuildPhase section */

/* Begin PBXTargetDependency section */
		04BE54522FC0B437008459B9 /* PBXTargetDependency */ = {
			isa = PBXTargetDependency;
			target = 04BE54392FC0B435008459B9 /* iosApp */;
			targetProxy = 04BE54512FC0B437008459B9 /* PBXContainerItemProxy */;
		};
		04BE545C2FC0B437008459B9 /* PBXTargetDependency */ = {
			isa = PBXTargetDependency;
			target = 04BE54392FC0B435008459B9 /* iosApp */;
			targetProxy = 04BE545B2FC0B437008459B9 /* PBXContainerItemProxy */;
		};
/* End PBXTargetDependency section */

/* Begin PBXVariantGroup section */
		04BE54432FC0B435008459B9 /* Main.storyboard */ = {
			isa = PBXVariantGroup;
			children = (
				04BE54442FC0B435008459B9 /* Base */,
			);
			name = Main.storyboard;
			sourceTree = "<group>";
		};
		04BE54482FC0B437008459B9 /* LaunchScreen.storyboard */ = {
			isa = PBXVariantGroup;
			children = (
				04BE54492FC0B437008459B9 /* Base */,
			);
			name = LaunchScreen.storyboard;
			sourceTree = "<group>";
		};
/* End PBXVariantGroup section */

/* Begin XCBuildConfiguration section */
		04BE54622FC0B437008459B9 /* Debug */ = {
			isa = XCBuildConfiguration;
			buildSettings = {
				ALWAYS_SEARCH_USER_PATHS = NO;
				CLANG_ANALYZER_NONNULL = YES;
				CLANG_ANALYZER_NUMBER_OBJECT_CONVERSION = YES_AGGRESSIVE;
				CLANG_CXX_LANGUAGE_STANDARD = "gnu++20";
				CLANG_ENABLE_MODULES = YES;
				CLANG_ENABLE_OBJC_ARC = YES;
				CLANG_ENABLE_OBJC_WEAK = YES;
				CLANG_WARN_BLOCK_CAPTURE_AUTORELEASING = YES;
				CLANG_WARN_BOOL_CONVERSION = YES;
				CLANG_WARN_COMMA = YES;
				CLANG_WARN_CONSTANT_CONVERSION = YES;
				CLANG_WARN_DEPRECATED_OBJC_IMPLEMENTATIONS = YES;
				CLANG_WARN_DIRECT_OBJC_ISA_USAGE = YES_ERROR;
				CLANG_WARN_DOCUMENTATION_COMMENTS = YES;
				CLANG_WARN_EMPTY_BODY = YES;
				CLANG_WARN_ENUM_CONVERSION = YES;
				CLANG_WARN_INFINITE_RECURSION = YES;
				CLANG_WARN_INT_CONVERSION = YES;
				CLANG_WARN_NON_LITERAL_NULL_CONVERSION = YES;
				CLANG_WARN_OBJC_IMPLICIT_RETAIN_SELF = YES;
				CLANG_WARN_OBJC_LITERAL_CONVERSION = YES;
				CLANG_WARN_OBJC_ROOT_CLASS = YES_ERROR;
				CLANG_WARN_QUOTED_INCLUDE_IN_FRAMEWORK_HEADER = YES;
				CLANG_WARN_RANGE_LOOP_ANALYSIS = YES;
				CLANG_WARN_STRICT_PROTOTYPES = YES;
				CLANG_WARN_SUSPICIOUS_MOVE = YES;
				CLANG_WARN_UNGUARDED_AVAILABILITY = YES_AGGRESSIVE;
				CLANG_WARN_UNREACHABLE_CODE = YES;
				CLANG_WARN__DUPLICATE_METHOD_MATCH = YES;
				COPY_PHASE_STRIP = NO;
				DEBUG_INFORMATION_FORMAT = dwarf;
				ENABLE_STRICT_OBJC_MSGSEND = YES;
				ENABLE_TESTABILITY = YES;
				GCC_C_LANGUAGE_STANDARD = gnu11;
				GCC_DYNAMIC_NO_PIC = NO;
				GCC_NO_COMMON_BLOCKS = YES;
				GCC_OPTIMIZATION_LEVEL = 0;
				GCC_PREPROCESSOR_DEFINITIONS = (
					"DEBUG=1",
					"$(inherited)",
				);
				GCC_WARN_64_TO_32_BIT_CONVERSION = YES;
				GCC_WARN_ABOUT_RETURN_TYPE = YES_ERROR;
				GCC_WARN_UNDECLARED_SELECTOR = YES;
				GCC_WARN_UNINITIALIZED_AUTOS = YES_AGGRESSIVE;
				GCC_WARN_UNUSED_FUNCTION = YES;
				GCC_WARN_UNUSED_VARIABLE = YES;
				IPHONEOS_DEPLOYMENT_TARGET = 16.2;
				MTL_ENABLE_DEBUG_INFO = INCLUDE_SOURCE;
				MTL_FAST_MATH = YES;
				ONLY_ACTIVE_ARCH = YES;
				SDKROOT = iphoneos;
				SWIFT_ACTIVE_COMPILATION_CONDITIONS = DEBUG;
				SWIFT_OPTIMIZATION_LEVEL = "-Onone";
			};
			name = Debug;
		};
		04BE54632FC0B437008459B9 /* Release */ = {
			isa = XCBuildConfiguration;
			buildSettings = {
				ALWAYS_SEARCH_USER_PATHS = NO;
				CLANG_ANALYZER_NONNULL = YES;
				CLANG_ANALYZER_NUMBER_OBJECT_CONVERSION = YES_AGGRESSIVE;
				CLANG_CXX_LANGUAGE_STANDARD = "gnu++20";
				CLANG_ENABLE_MODULES = YES;
				CLANG_ENABLE_OBJC_ARC = YES;
				CLANG_ENABLE_OBJC_WEAK = YES;
				CLANG_WARN_BLOCK_CAPTURE_AUTORELEASING = YES;
				CLANG_WARN_BOOL_CONVERSION = YES;
				CLANG_WARN_COMMA = YES;
				CLANG_WARN_CONSTANT_CONVERSION = YES;
				CLANG_WARN_DEPRECATED_OBJC_IMPLEMENTATIONS = YES;
				CLANG_WARN_DIRECT_OBJC_ISA_USAGE = YES_ERROR;
				CLANG_WARN_DOCUMENTATION_COMMENTS = YES;
				CLANG_WARN_EMPTY_BODY = YES;
				CLANG_WARN_ENUM_CONVERSION = YES;
				CLANG_WARN_INFINITE_RECURSION = YES;
				CLANG_WARN_INT_CONVERSION = YES;
				CLANG_WARN_NON_LITERAL_NULL_CONVERSION = YES;
				CLANG_WARN_OBJC_IMPLICIT_RETAIN_SELF = YES;
				CLANG_WARN_OBJC_LITERAL_CONVERSION = YES;
				CLANG_WARN_OBJC_ROOT_CLASS = YES_ERROR;
				CLANG_WARN_QUOTED_INCLUDE_IN_FRAMEWORK_HEADER = YES;
				CLANG_WARN_RANGE_LOOP_ANALYSIS = YES;
				CLANG_WARN_STRICT_PROTOTYPES = YES;
				CLANG_WARN_SUSPICIOUS_MOVE = YES;
				CLANG_WARN_UNGUARDED_AVAILABILITY = YES_AGGRESSIVE;
				CLANG_WARN_UNREACHABLE_CODE = YES;
				CLANG_WARN__DUPLICATE_METHOD_MATCH = YES;
				COPY_PHASE_STRIP = NO;
				DEBUG_INFORMATION_FORMAT = "dwarf-with-dsym";
				ENABLE_NS_ASSERTIONS = NO;
				ENABLE_STRICT_OBJC_MSGSEND = YES;
				GCC_C_LANGUAGE_STANDARD = gnu11;
				GCC_NO_COMMON_BLOCKS = YES;
				GCC_WARN_64_TO_32_BIT_CONVERSION = YES;
				GCC_WARN_ABOUT_RETURN_TYPE = YES_ERROR;
				GCC_WARN_UNDECLARED_SELECTOR = YES;
				GCC_WARN_UNINITIALIZED_AUTOS = YES_AGGRESSIVE;
				GCC_WARN_UNUSED_FUNCTION = YES;
				GCC_WARN_UNUSED_VARIABLE = YES;
				IPHONEOS_DEPLOYMENT_TARGET = 16.2;
				MTL_ENABLE_DEBUG_INFO = NO;
				MTL_FAST_MATH = YES;
				SDKROOT = iphoneos;
				SWIFT_COMPILATION_MODE = wholemodule;
				SWIFT_OPTIMIZATION_LEVEL = "-O";
				VALIDATE_PRODUCT = YES;
			};
			name = Release;
		};
		04BE54652FC0B437008459B9 /* Debug */ = {
			isa = XCBuildConfiguration;
			buildSettings = {
				ASSETCATALOG_COMPILER_APPICON_NAME = AppIcon;
				ASSETCATALOG_COMPILER_GLOBAL_ACCENT_COLOR_NAME = AccentColor;
				CODE_SIGN_STYLE = Automatic;
				CURRENT_PROJECT_VERSION = 1;
				FRAMEWORK_SEARCH_PATHS = "$(BUILT_PRODUCTS_DIR)/**";
				GENERATE_INFOPLIST_FILE = YES;
				INFOPLIST_FILE = iosApp/Info.plist;
				INFOPLIST_KEY_UIApplicationSupportsIndirectInputEvents = YES;
				INFOPLIST_KEY_UILaunchStoryboardName = LaunchScreen;
				INFOPLIST_KEY_UIMainStoryboardFile = Main;
				INFOPLIST_KEY_UISupportedInterfaceOrientations_iPad = "UIInterfaceOrientationPortrait UIInterfaceOrientationPortraitUpsideDown UIInterfaceOrientationLandscapeLeft UIInterfaceOrientationLandscapeRight";
				INFOPLIST_KEY_UISupportedInterfaceOrientations_iPhone = "UIInterfaceOrientationPortrait UIInterfaceOrientationLandscapeLeft UIInterfaceOrientationLandscapeRight";
				LD_RUNPATH_SEARCH_PATHS = (
					"$(inherited)",
					"@executable_path/Frameworks",
				);
				MARKETING_VERSION = 1.0;
				OTHER_LDFLAGS = (
					"-framework",
					Habit,
				);
				PRODUCT_BUNDLE_IDENTIFIER = com.habitloop.app.iosApp;
				PRODUCT_NAME = "$(TARGET_NAME)";
				SWIFT_EMIT_LOC_STRINGS = YES;
				SWIFT_VERSION = 5.0;
				TARGETED_DEVICE_FAMILY = "1,2";
			};
			name = Debug;
		};
		04BE54662FC0B437008459B9 /* Release */ = {
			isa = XCBuildConfiguration;
			buildSettings = {
				ASSETCATALOG_COMPILER_APPICON_NAME = AppIcon;
				ASSETCATALOG_COMPILER_GLOBAL_ACCENT_COLOR_NAME = AccentColor;
				CODE_SIGN_STYLE = Automatic;
				CURRENT_PROJECT_VERSION = 1;
				FRAMEWORK_SEARCH_PATHS = "$(BUILT_PRODUCTS_DIR)/**";
				GENERATE_INFOPLIST_FILE = YES;
				INFOPLIST_FILE = iosApp/Info.plist;
				INFOPLIST_KEY_UIApplicationSupportsIndirectInputEvents = YES;
				INFOPLIST_KEY_UILaunchStoryboardName = LaunchScreen;
				INFOPLIST_KEY_UIMainStoryboardFile = Main;
				INFOPLIST_KEY_UISupportedInterfaceOrientations_iPad = "UIInterfaceOrientationPortrait UIInterfaceOrientationPortraitUpsideDown UIInterfaceOrientationLandscapeLeft UIInterfaceOrientationLandscapeRight";
				INFOPLIST_KEY_UISupportedInterfaceOrientations_iPhone = "UIInterfaceOrientationPortrait UIInterfaceOrientationLandscapeLeft UIInterfaceOrientationLandscapeRight";
				LD_RUNPATH_SEARCH_PATHS = (
					"$(inherited)",
					"@executable_path/Frameworks",
				);
				MARKETING_VERSION = 1.0;
				OTHER_LDFLAGS = (
					"-framework",
					Habit,
				);
				PRODUCT_BUNDLE_IDENTIFIER = com.habitloop.app.iosApp;
				PRODUCT_NAME = "$(TARGET_NAME)";
				SWIFT_EMIT_LOC_STRINGS = YES;
				SWIFT_VERSION = 5.0;
				TARGETED_DEVICE_FAMILY = "1,2";
			};
			name = Release;
		};
		04BE54682FC0B437008459B9 /* Debug */ = {
			isa = XCBuildConfiguration;
			buildSettings = {
				ALWAYS_EMBED_SWIFT_STANDARD_LIBRARIES = YES;
				BUNDLE_LOADER = "$(TEST_HOST)";
				CODE_SIGN_STYLE = Automatic;
				CURRENT_PROJECT_VERSION = 1;
				GENERATE_INFOPLIST_FILE = YES;
				IPHONEOS_DEPLOYMENT_TARGET = 16.2;
				MARKETING_VERSION = 1.0;
				PRODUCT_BUNDLE_IDENTIFIER = com.habitloop.app.iosAppTests;
				PRODUCT_NAME = "$(TARGET_NAME)";
				SWIFT_EMIT_LOC_STRINGS = NO;
				SWIFT_VERSION = 5.0;
				TARGETED_DEVICE_FAMILY = "1,2";
				TEST_HOST = "$(BUILT_PRODUCTS_DIR)/iosApp.app/$(BUNDLE_EXECUTABLE_FOLDER_PATH)/iosApp";
			};
			name = Debug;
		};
		04BE54692FC0B437008459B9 /* Release */ = {
			isa = XCBuildConfiguration;
			buildSettings = {
				ALWAYS_EMBED_SWIFT_STANDARD_LIBRARIES = YES;
				BUNDLE_LOADER = "$(TEST_HOST)";
				CODE_SIGN_STYLE = Automatic;
				CURRENT_PROJECT_VERSION = 1;
				GENERATE_INFOPLIST_FILE = YES;
				IPHONEOS_DEPLOYMENT_TARGET = 16.2;
				MARKETING_VERSION = 1.0;
				PRODUCT_BUNDLE_IDENTIFIER = com.habitloop.app.iosAppTests;
				PRODUCT_NAME = "$(TARGET_NAME)";
				SWIFT_EMIT_LOC_STRINGS = NO;
				SWIFT_VERSION = 5.0;
				TARGETED_DEVICE_FAMILY = "1,2";
				TEST_HOST = "$(BUILT_PRODUCTS_DIR)/iosApp.app/$(BUNDLE_EXECUTABLE_FOLDER_PATH)/iosApp";
			};
			name = Release;
		};
		04BE546B2FC0B437008459B9 /* Debug */ = {
			isa = XCBuildConfiguration;
			buildSettings = {
				ALWAYS_EMBED_SWIFT_STANDARD_LIBRARIES = YES;
				CODE_SIGN_STYLE = Automatic;
				CURRENT_PROJECT_VERSION = 1;
				GENERATE_INFOPLIST_FILE = YES;
				MARKETING_VERSION = 1.0;
				PRODUCT_BUNDLE_IDENTIFIER = com.habitloop.app.iosAppUITests;
				PRODUCT_NAME = "$(TARGET_NAME)";
				SWIFT_EMIT_LOC_STRINGS = NO;
				SWIFT_VERSION = 5.0;
				TARGETED_DEVICE_FAMILY = "1,2";
				TEST_TARGET_NAME = iosApp;
			};
			name = Debug;
		};
		04BE546C2FC0B437008459B9 /* Release */ = {
			isa = XCBuildConfiguration;
			buildSettings = {
				ALWAYS_EMBED_SWIFT_STANDARD_LIBRARIES = YES;
				CODE_SIGN_STYLE = Automatic;
				CURRENT_PROJECT_VERSION = 1;
				GENERATE_INFOPLIST_FILE = YES;
				MARKETING_VERSION = 1.0;
				PRODUCT_BUNDLE_IDENTIFIER = com.habitloop.app.iosAppUITests;
				PRODUCT_NAME = "$(TARGET_NAME)";
				SWIFT_EMIT_LOC_STRINGS = NO;
				SWIFT_VERSION = 5.0;
				TARGETED_DEVICE_FAMILY = "1,2";
				TEST_TARGET_NAME = iosApp;
			};
			name = Release;
		};
/* End XCBuildConfiguration section */

/* Begin XCConfigurationList section */
		04BE54352FC0B434008459B9 /* Build configuration list for PBXProject "iosApp" */ = {
			isa = XCConfigurationList;
			buildConfigurations = (
				04BE54622FC0B437008459B9 /* Debug */,
				04BE54632FC0B437008459B9 /* Release */,
			);
			defaultConfigurationIsVisible = 0;
			defaultConfigurationName = Release;
		};
		04BE54642FC0B437008459B9 /* Build configuration list for PBXNativeTarget "iosApp" */ = {
			isa = XCConfigurationList;
			buildConfigurations = (
				04BE54652FC0B437008459B9 /* Debug */,
				04BE54662FC0B437008459B9 /* Release */,
			);
			defaultConfigurationIsVisible = 0;
			defaultConfigurationName = Release;
		};
		04BE54672FC0B437008459B9 /* Build configuration list for PBXNativeTarget "iosAppTests" */ = {
			isa = XCConfigurationList;
			buildConfigurations = (
				04BE54682FC0B437008459B9 /* Debug */,
				04BE54692FC0B437008459B9 /* Release */,
			);
			defaultConfigurationIsVisible = 0;
			defaultConfigurationName = Release;
		};
		04BE546A2FC0B437008459B9 /* Build configuration list for PBXNativeTarget "iosAppUITests" */ = {
			isa = XCConfigurationList;
			buildConfigurations = (
				04BE546B2FC0B437008459B9 /* Debug */,
				04BE546C2FC0B437008459B9 /* Release */,
			);
			defaultConfigurationIsVisible = 0;
			defaultConfigurationName = Release;
		};
/* End XCConfigurationList section */
	};
	rootObject = 04BE54322FC0B434008459B9 /* Project object */;
}
